[root]
name = "etestrpc"
version = "0.1.0"
dependencies = [
 "blockchain 0.1.7 (registry+https://github.com/rust-lang/crates.io-index)",
 "etcommon-bigint 0.2.1 (registry+https://github.com/rust-lang/crates.io-index)",
 "etcommon-block 0.2.5 (registry+https://github.com/rust-lang/crates.io-index)",
 "etcommon-bloom 0.2.1 (registry+https://github.com/rust-lang/crates.io-index)",
 "etcommon-rlp 0.2.0 (registry+https://github.com/rust-lang/crates.io-index)",
 "etcommon-trie 0.2.7 (registry+https://github.com/rust-lang/crates.io-index)",
 "rand 0.3.16 (registry+https://github.com/rust-lang/crates.io-index)",
 "secp256k1-plus 0.5.7 (registry+https://github.com/rust-lang/crates.io-index)",
 "sha3 0.6.0 (registry+https://github.com/rust-lang/crates.io-index)",
 "sputnikvm 0.6.0 (registry+https://github.com/rust-lang/crates.io-index)",
]

[[package]]
name = "arrayvec"
version = "0.3.23"
source = "registry+https://github.com/rust-lang/crates.io-index"
dependencies = [
 "nodrop 0.1.9 (registry+https://github.com/rust-lang/crates.io-index)",
 "odds 0.2.25 (registry+https://github.com/rust-lang/crates.io-index)",
]

[[package]]
name = "bitflags"
version = "0.7.0"
source = "registry+https://github.com/rust-lang/crates.io-index"

[[package]]
name = "block-buffer"
version = "0.2.0"
source = "registry+https://github.com/rust-lang/crates.io-index"
dependencies = [
 "byte-tools 0.2.0 (registry+https://github.com/rust-lang/crates.io-index)",
 "generic-array 0.8.2 (registry+https://github.com/rust-lang/crates.io-index)",
]

[[package]]
name = "blockchain"
version = "0.1.7"
source = "registry+https://github.com/rust-lang/crates.io-index"

[[package]]
name = "byte-tools"
version = "0.2.0"
source = "registry+https://github.com/rust-lang/crates.io-index"

[[package]]
name = "byteorder"
version = "1.1.0"
source = "registry+https://github.com/rust-lang/crates.io-index"

[[package]]
name = "conv"
version = "0.3.3"
source = "registry+https://github.com/rust-lang/crates.io-index"
dependencies = [
 "custom_derive 0.1.7 (registry+https://github.com/rust-lang/crates.io-index)",
]

[[package]]
name = "custom_derive"
version = "0.1.7"
source = "registry+https://github.com/rust-lang/crates.io-index"

[[package]]
name = "digest"
version = "0.6.2"
source = "registry+https://github.com/rust-lang/crates.io-index"
dependencies = [
 "generic-array 0.8.2 (registry+https://github.com/rust-lang/crates.io-index)",
]

[[package]]
name = "elastic-array"
version = "0.7.0"
source = "registry+https://github.com/rust-lang/crates.io-index"
dependencies = [
 "heapsize 0.3.9 (registry+https://github.com/rust-lang/crates.io-index)",
]

[[package]]
name = "etcommon-bigint"
version = "0.2.1"
source = "registry+https://github.com/rust-lang/crates.io-index"
dependencies = [
 "byteorder 1.1.0 (registry+https://github.com/rust-lang/crates.io-index)",
 "etcommon-hexutil 0.2.1 (registry+https://github.com/rust-lang/crates.io-index)",
 "etcommon-rlp 0.2.0 (registry+https://github.com/rust-lang/crates.io-index)",
 "heapsize 0.4.1 (registry+https://github.com/rust-lang/crates.io-index)",
 "libc 0.2.29 (registry+https://github.com/rust-lang/crates.io-index)",
 "rand 0.3.16 (registry+https://github.com/rust-lang/crates.io-index)",
]

[[package]]
name = "etcommon-block"
version = "0.2.5"
source = "registry+https://github.com/rust-lang/crates.io-index"
dependencies = [
 "blockchain 0.1.7 (registry+https://github.com/rust-lang/crates.io-index)",
 "etcommon-bigint 0.2.1 (registry+https://github.com/rust-lang/crates.io-index)",
 "etcommon-bloom 0.2.1 (registry+https://github.com/rust-lang/crates.io-index)",
 "etcommon-rlp 0.2.0 (registry+https://github.com/rust-lang/crates.io-index)",
 "etcommon-trie 0.2.7 (registry+https://github.com/rust-lang/crates.io-index)",
 "secp256k1-plus 0.5.7 (registry+https://github.com/rust-lang/crates.io-index)",
 "sha3 0.6.0 (registry+https://github.com/rust-lang/crates.io-index)",
]

[[package]]
name = "etcommon-bloom"
version = "0.2.1"
source = "registry+https://github.com/rust-lang/crates.io-index"
dependencies = [
 "etcommon-bigint 0.2.1 (registry+https://github.com/rust-lang/crates.io-index)",
 "etcommon-rlp 0.2.0 (registry+https://github.com/rust-lang/crates.io-index)",
 "sha3 0.6.0 (registry+https://github.com/rust-lang/crates.io-index)",
]

[[package]]
name = "etcommon-hexutil"
version = "0.2.1"
source = "registry+https://github.com/rust-lang/crates.io-index"

[[package]]
name = "etcommon-rlp"
version = "0.2.0"
source = "registry+https://github.com/rust-lang/crates.io-index"
dependencies = [
 "byteorder 1.1.0 (registry+https://github.com/rust-lang/crates.io-index)",
 "elastic-array 0.7.0 (registry+https://github.com/rust-lang/crates.io-index)",
 "lazy_static 0.2.8 (registry+https://github.com/rust-lang/crates.io-index)",
 "rustc-serialize 0.3.24 (registry+https://github.com/rust-lang/crates.io-index)",
]

[[package]]
name = "etcommon-trie"
version = "0.2.7"
source = "registry+https://github.com/rust-lang/crates.io-index"
dependencies = [
 "etcommon-bigint 0.2.1 (registry+https://github.com/rust-lang/crates.io-index)",
 "etcommon-rlp 0.2.0 (registry+https://github.com/rust-lang/crates.io-index)",
 "sha3 0.6.0 (registry+https://github.com/rust-lang/crates.io-index)",
]

[[package]]
name = "fake-simd"
version = "0.1.2"
source = "registry+https://github.com/rust-lang/crates.io-index"

[[package]]
name = "gcc"
version = "0.3.51"
source = "registry+https://github.com/rust-lang/crates.io-index"

[[package]]
name = "generic-array"
version = "0.8.2"
source = "registry+https://github.com/rust-lang/crates.io-index"
dependencies = [
 "nodrop 0.1.9 (registry+https://github.com/rust-lang/crates.io-index)",
 "typenum 1.9.0 (registry+https://github.com/rust-lang/crates.io-index)",
]

[[package]]
name = "heapsize"
version = "0.3.9"
source = "registry+https://github.com/rust-lang/crates.io-index"
dependencies = [
 "kernel32-sys 0.2.2 (registry+https://github.com/rust-lang/crates.io-index)",
]

[[package]]
name = "heapsize"
version = "0.4.1"
source = "registry+https://github.com/rust-lang/crates.io-index"
dependencies = [
 "kernel32-sys 0.2.2 (registry+https://github.com/rust-lang/crates.io-index)",
]

[[package]]
name = "kernel32-sys"
version = "0.2.2"
source = "registry+https://github.com/rust-lang/crates.io-index"
dependencies = [
 "winapi 0.2.8 (registry+https://github.com/rust-lang/crates.io-index)",
 "winapi-build 0.1.1 (registry+https://github.com/rust-lang/crates.io-index)",
]

[[package]]
name = "lazy_static"
version = "0.2.8"
source = "registry+https://github.com/rust-lang/crates.io-index"

[[package]]
name = "libc"
version = "0.2.29"
source = "registry+https://github.com/rust-lang/crates.io-index"

[[package]]
name = "log"
version = "0.3.8"
source = "registry+https://github.com/rust-lang/crates.io-index"

[[package]]
name = "magenta"
version = "0.1.1"
source = "registry+https://github.com/rust-lang/crates.io-index"
dependencies = [
 "conv 0.3.3 (registry+https://github.com/rust-lang/crates.io-index)",
 "magenta-sys 0.1.1 (registry+https://github.com/rust-lang/crates.io-index)",
]

[[package]]
name = "magenta-sys"
version = "0.1.1"
source = "registry+https://github.com/rust-lang/crates.io-index"
dependencies = [
 "bitflags 0.7.0 (registry+https://github.com/rust-lang/crates.io-index)",
]

[[package]]
name = "nodrop"
version = "0.1.9"
source = "registry+https://github.com/rust-lang/crates.io-index"
dependencies = [
 "odds 0.2.25 (registry+https://github.com/rust-lang/crates.io-index)",
]

[[package]]
name = "odds"
version = "0.2.25"
source = "registry+https://github.com/rust-lang/crates.io-index"

[[package]]
name = "rand"
version = "0.3.16"
source = "registry+https://github.com/rust-lang/crates.io-index"
dependencies = [
 "libc 0.2.29 (registry+https://github.com/rust-lang/crates.io-index)",
 "magenta 0.1.1 (registry+https://github.com/rust-lang/crates.io-index)",
]

[[package]]
name = "ripemd160"
version = "0.6.0"
source = "registry+https://github.com/rust-lang/crates.io-index"
dependencies = [
 "block-buffer 0.2.0 (registry+https://github.com/rust-lang/crates.io-index)",
 "byte-tools 0.2.0 (registry+https://github.com/rust-lang/crates.io-index)",
 "digest 0.6.2 (registry+https://github.com/rust-lang/crates.io-index)",
 "generic-array 0.8.2 (registry+https://github.com/rust-lang/crates.io-index)",
]

[[package]]
name = "rustc-serialize"
version = "0.3.24"
source = "registry+https://github.com/rust-lang/crates.io-index"

[[package]]
name = "secp256k1-plus"
version = "0.5.7"
source = "registry+https://github.com/rust-lang/crates.io-index"
dependencies = [
 "arrayvec 0.3.23 (registry+https://github.com/rust-lang/crates.io-index)",
 "gcc 0.3.51 (registry+https://github.com/rust-lang/crates.io-index)",
 "lazy_static 0.2.8 (registry+https://github.com/rust-lang/crates.io-index)",
 "libc 0.2.29 (registry+https://github.com/rust-lang/crates.io-index)",
 "rand 0.3.16 (registry+https://github.com/rust-lang/crates.io-index)",
 "rustc-serialize 0.3.24 (registry+https://github.com/rust-lang/crates.io-index)",
]

[[package]]
name = "sha2"
version = "0.6.0"
source = "registry+https://github.com/rust-lang/crates.io-index"
dependencies = [
 "block-buffer 0.2.0 (registry+https://github.com/rust-lang/crates.io-index)",
 "byte-tools 0.2.0 (registry+https://github.com/rust-lang/crates.io-index)",
 "digest 0.6.2 (registry+https://github.com/rust-lang/crates.io-index)",
 "fake-simd 0.1.2 (registry+https://github.com/rust-lang/crates.io-index)",
 "generic-array 0.8.2 (registry+https://github.com/rust-lang/crates.io-index)",
]

[[package]]
name = "sha3"
version = "0.6.0"
source = "registry+https://github.com/rust-lang/crates.io-index"
dependencies = [
 "block-buffer 0.2.0 (registry+https://github.com/rust-lang/crates.io-index)",
 "byte-tools 0.2.0 (registry+https://github.com/rust-lang/crates.io-index)",
 "digest 0.6.2 (registry+https://github.com/rust-lang/crates.io-index)",
 "generic-array 0.8.2 (registry+https://github.com/rust-lang/crates.io-index)",
]

[[package]]
name = "sputnikvm"
version = "0.6.0"
source = "registry+https://github.com/rust-lang/crates.io-index"
dependencies = [
 "digest 0.6.2 (registry+https://github.com/rust-lang/crates.io-index)",
 "etcommon-bigint 0.2.1 (registry+https://github.com/rust-lang/crates.io-index)",
 "etcommon-block 0.2.5 (registry+https://github.com/rust-lang/crates.io-index)",
 "etcommon-hexutil 0.2.1 (registry+https://github.com/rust-lang/crates.io-index)",
 "etcommon-rlp 0.2.0 (registry+https://github.com/rust-lang/crates.io-index)",
 "log 0.3.8 (registry+https://github.com/rust-lang/crates.io-index)",
 "ripemd160 0.6.0 (registry+https://github.com/rust-lang/crates.io-index)",
 "secp256k1-plus 0.5.7 (registry+https://github.com/rust-lang/crates.io-index)",
 "sha2 0.6.0 (registry+https://github.com/rust-lang/crates.io-index)",
 "sha3 0.6.0 (registry+https://github.com/rust-lang/crates.io-index)",
]

[[package]]
name = "typenum"
version = "1.9.0"
source = "registry+https://github.com/rust-lang/crates.io-index"

[[package]]
name = "winapi"
version = "0.2.8"
source = "registry+https://github.com/rust-lang/crates.io-index"

[[package]]
name = "winapi-build"
version = "0.1.1"
source = "registry+https://github.com/rust-lang/crates.io-index"

[metadata]
"checksum arrayvec 0.3.23 (registry+https://github.com/rust-lang/crates.io-index)" = "699e63a93b79d717e8c3b5eb1b28b7780d0d6d9e59a72eb769291c83b0c8dc67"
"checksum bitflags 0.7.0 (registry+https://github.com/rust-lang/crates.io-index)" = "aad18937a628ec6abcd26d1489012cc0e18c21798210f491af69ded9b881106d"
"checksum block-buffer 0.2.0 (registry+https://github.com/rust-lang/crates.io-index)" = "1339a1042f5d9f295737ad4d9a6ab6bf81c84a933dba110b9200cd6d1448b814"
"checksum blockchain 0.1.7 (registry+https://github.com/rust-lang/crates.io-index)" = "eab3708603cb54ed430874066646405bbecead5b9c00bd3b4722849888b004a6"
"checksum byte-tools 0.2.0 (registry+https://github.com/rust-lang/crates.io-index)" = "560c32574a12a89ecd91f5e742165893f86e3ab98d21f8ea548658eb9eef5f40"
"checksum byteorder 1.1.0 (registry+https://github.com/rust-lang/crates.io-index)" = "ff81738b726f5d099632ceaffe7fb65b90212e8dce59d518729e7e8634032d3d"
"checksum conv 0.3.3 (registry+https://github.com/rust-lang/crates.io-index)" = "78ff10625fd0ac447827aa30ea8b861fead473bb60aeb73af6c1c58caf0d1299"
"checksum custom_derive 0.1.7 (registry+https://github.com/rust-lang/crates.io-index)" = "ef8ae57c4978a2acd8b869ce6b9ca1dfe817bff704c220209fdef2c0b75a01b9"
"checksum digest 0.6.2 (registry+https://github.com/rust-lang/crates.io-index)" = "e5b29bf156f3f4b3c4f610a25ff69370616ae6e0657d416de22645483e72af0a"
"checksum elastic-array 0.7.0 (registry+https://github.com/rust-lang/crates.io-index)" = "71a64decd4b8cd06654a4e643c45cb558ad554abbffd82a7e16e34f45f51b605"
"checksum etcommon-bigint 0.2.1 (registry+https://github.com/rust-lang/crates.io-index)" = "8f6bbdb48482b67f23c89f852adec561f1a13d0be31626afa144d39cc8b66e5c"
"checksum etcommon-block 0.2.5 (registry+https://github.com/rust-lang/crates.io-index)" = "20a702b8a2bf66692f1d5526616bf1cb3fe1f1f5362442b86d27271923f17262"
"checksum etcommon-bloom 0.2.1 (registry+https://github.com/rust-lang/crates.io-index)" = "43844778eb139dc011f9e11abd509befd4075d42e7f6875a64b7a522511278af"
"checksum etcommon-hexutil 0.2.1 (registry+https://github.com/rust-lang/crates.io-index)" = "cfd4c1c493517ef0c97433c717329b62d8697806231be60c941678e8d45676f9"
"checksum etcommon-rlp 0.2.0 (registry+https://github.com/rust-lang/crates.io-index)" = "6c49be8eb8cd8adf87dca563106971d73de72371093c0f53119b68992d50bb19"
"checksum etcommon-trie 0.2.7 (registry+https://github.com/rust-lang/crates.io-index)" = "c281d66f410549a1d998390945854e0f7c134be9ceb78abc2f6234893200fdc1"
"checksum fake-simd 0.1.2 (registry+https://github.com/rust-lang/crates.io-index)" = "e88a8acf291dafb59c2d96e8f59828f3838bb1a70398823ade51a84de6a6deed"
"checksum gcc 0.3.51 (registry+https://github.com/rust-lang/crates.io-index)" = "120d07f202dcc3f72859422563522b66fe6463a4c513df062874daad05f85f0a"
"checksum generic-array 0.8.2 (registry+https://github.com/rust-lang/crates.io-index)" = "6181b378c58e5aacf4d3e17836737465cb2857750b53f6b46672a3509f2a8d9d"
"checksum heapsize 0.3.9 (registry+https://github.com/rust-lang/crates.io-index)" = "556cd479866cf85c3f671209c85e8a6990211c916d1002c2fcb2e9b7cf60bc36"
"checksum heapsize 0.4.1 (registry+https://github.com/rust-lang/crates.io-index)" = "54fab2624374e5137ae4df13bf32b0b269cb804df42d13a51221bbd431d1a237"
"checksum kernel32-sys 0.2.2 (registry+https://github.com/rust-lang/crates.io-index)" = "7507624b29483431c0ba2d82aece8ca6cdba9382bff4ddd0f7490560c056098d"
"checksum lazy_static 0.2.8 (registry+https://github.com/rust-lang/crates.io-index)" = "3b37545ab726dd833ec6420aaba8231c5b320814b9029ad585555d2a03e94fbf"
"checksum libc 0.2.29 (registry+https://github.com/rust-lang/crates.io-index)" = "8a014d9226c2cc402676fbe9ea2e15dd5222cd1dd57f576b5b283178c944a264"
"checksum log 0.3.8 (registry+https://github.com/rust-lang/crates.io-index)" = "880f77541efa6e5cc74e76910c9884d9859683118839d6a1dc3b11e63512565b"
"checksum magenta 0.1.1 (registry+https://github.com/rust-lang/crates.io-index)" = "4bf0336886480e671965f794bc9b6fce88503563013d1bfb7a502c81fe3ac527"
"checksum magenta-sys 0.1.1 (registry+https://github.com/rust-lang/crates.io-index)" = "40d014c7011ac470ae28e2f76a02bfea4a8480f73e701353b49ad7a8d75f4699"
"checksum nodrop 0.1.9 (registry+https://github.com/rust-lang/crates.io-index)" = "52cd74cd09beba596430cc6e3091b74007169a56246e1262f0ba451ea95117b2"
"checksum odds 0.2.25 (registry+https://github.com/rust-lang/crates.io-index)" = "c3df9b730298cea3a1c3faa90b7e2f9df3a9c400d0936d6015e6165734eefcba"
"checksum rand 0.3.16 (registry+https://github.com/rust-lang/crates.io-index)" = "eb250fd207a4729c976794d03db689c9be1d634ab5a1c9da9492a13d8fecbcdf"
"checksum ripemd160 0.6.0 (registry+https://github.com/rust-lang/crates.io-index)" = "a347777d54218aec5d50f31ea04e8c0bceb1dea0282323f0cac42853178f07e9"
"checksum rustc-serialize 0.3.24 (registry+https://github.com/rust-lang/crates.io-index)" = "dcf128d1287d2ea9d80910b5f1120d0b8eede3fbf1abe91c40d39ea7d51e6fda"
"checksum secp256k1-plus 0.5.7 (registry+https://github.com/rust-lang/crates.io-index)" = "7222a0da4de37d12aa9d018c563f2916b40c3c5030292b9becde5825d86bf3e2"
"checksum sha2 0.6.0 (registry+https://github.com/rust-lang/crates.io-index)" = "7d963c78ce367df26d7ea8b8cc655c651b42e8a1e584e869c1e17dae3ccb116a"
"checksum sha3 0.6.0 (registry+https://github.com/rust-lang/crates.io-index)" = "26405905b6a56a94c60109cfda62610507ac14a65be531f5767dec5c5a8dd6a0"
"checksum sputnikvm 0.6.0 (registry+https://github.com/rust-lang/crates.io-index)" = "bc64e60712f76b1cb699976f77c6b25ebcfab05e4a97b6180fb8f06afa9da8e0"
"checksum typenum 1.9.0 (registry+https://github.com/rust-lang/crates.io-index)" = "13a99dc6780ef33c78780b826cf9d2a78840b72cae9474de4bcaf9051e60ebbd"
"checksum winapi 0.2.8 (registry+https://github.com/rust-lang/crates.io-index)" = "167dc9d6949a9b857f3451275e911c3f44255842c1f7a76f33c55103a909087a"
"checksum winapi-build 0.1.1 (registry+https://github.com/rust-lang/crates.io-index)" = "2d315eee3b34aca4797b2da6b13ed88266e6d612562a0c46390af8299fc699bc"
